// !$*UTF8*$!
{
	archiveVersion = 1;
	classes = {
	};
	objectVersion = 50;
	objects = {

/* Begin PBXBuildFile section */
		FB5F8820266786240040FECA /* WebViewinSwiftUIApp.swift in Sources */ = {isa = PBXBuildFile; fileRef = FB5F881F266786240040FECA /* WebViewinSwiftUIApp.swift */; };
		FB5F8822266786240040FECA /* ContentView.swift in Sources */ = {isa = PBXBuildFile; fileRef = FB5F8821266786240040FECA /* ContentView.swift */; };
		FB5F8824266786260040FECA /* Assets.xcassets in Resources */ = {isa = PBXBuildFile; fileRef = FB5F8823266786260040FECA /* Assets.xcassets */; };
		FB5F8827266786260040FECA /* Preview Assets.xcassets in Resources */ = {isa = PBXBuildFile; fileRef = FB5F8826266786260040FECA /* Preview Assets.xcassets */; };
		FB5F8832266786260040FECA /* WebViewinSwiftUITests.swift in Sources */ = {isa = PBXBuildFile; fileRef = FB5F8831266786260040FECA /* WebViewinSwiftUITests.swift */; };
		FB5F883D266786260040FECA /* WebViewinSwiftUIUITests.swift in Sources */ = {isa = PBXBuildFile; fileRef = FB5F883C266786260040FECA /* WebViewinSwiftUIUITests.swift */; };
		FB5F884B2667867C0040FECA /* WebView.swift in Sources */ = {isa = PBXBuildFile; fileRef = FB5F884A2667867C0040FECA /* WebView.swift */; };
/* End PBXBuildFile section */

/* Begin PBXContainerItemProxy section */
		FB5F882E266786260040FECA /* PBXContainerItemProxy */ = {
			isa = PBXContainerItemProxy;
			containerPortal = FB5F8814266786240040FECA /* Project object */;
			proxyType = 1;
			remoteGlobalIDString = FB5F881B266786240040FECA;
			remoteInfo = WebViewinSwiftUI;
		};
		FB5F8839266786260040FECA /* PBXContainerItemProxy */ = {
			isa = PBXContainerItemProxy;
			containerPortal = FB5F8814266786240040FECA /* Project object */;
			proxyType = 1;
			remoteGlobalIDString = FB5F881B266786240040FECA;
			remoteInfo = WebViewinSwiftUI;
		};
/* End PBXContainerItemProxy section */

/* Begin PBXFileReference section */
		FB5F881C266786240040FECA /* WebViewinSwiftUI.app */ = {isa = PBXFileReference; explicitFileType = wrapper.application; includeInIndex = 0; path = WebViewinSwiftUI.app; sourceTree = BUILT_PRODUCTS_DIR; };
		FB5F881F266786240040FECA /* WebViewinSwiftUIApp.swift */ = {isa = PBXFileReference; lastKnownFileType = sourcecode.swift; path = WebViewinSwiftUIApp.swift; sourceTree = "<group>"; };
		FB5F8821266786240040FECA /* ContentView.swift */ = {isa = PBXFileReference; lastKnownFileType = sourcecode.swift; path = ContentView.swift; sourceTree = "<group>"; };
		FB5F8823266786260040FECA /* Assets.xcassets */ = {isa = PBXFileReference; lastKnownFileType = folder.assetcatalog; path = Assets.xcassets; sourceTree = "<group>"; };
		FB5F8826266786260040FECA /* Preview Assets.xcassets */ = {isa = PBXFileReference; lastKnownFileType = folder.assetcatalog; path = "Preview Assets.xcassets"; sourceTree = "<group>"; };
		FB5F8828266786260040FECA /* Info.plist */ = {isa = PBXFileReference; lastKnownFileType = text.plist.xml; path = Info.plist; sourceTree = "<group>"; };
		FB5F882D266786260040FECA /* WebViewinSwiftUITests.xctest */ = {isa = PBXFileReference; explicitFileType = wrapper.cfbundle; includeInIndex = 0; path = WebViewinSwiftUITests.xctest; sourceTree = BUILT_PRODUCTS_DIR; };
		FB5F8831266786260040FECA /* WebViewinSwiftUITests.swift */ = {isa = PBXFileReference; lastKnownFileType = sourcecode.swift; path = WebViewinSwiftUITests.swift; sourceTree = "<group>"; };
		FB5F8833266786260040FECA /* Info.plist */ = {isa = PBXFileReference; lastKnownFileType = text.plist.xml; path = Info.plist; sourceTree = "<group>"; };
		FB5F8838266786260040FECA /* WebViewinSwiftUIUITests.xctest */ = {isa = PBXFileReference; explicitFileType = wrapper.cfbundle; includeInIndex = 0; path = WebViewinSwiftUIUITests.xctest; sourceTree = BUILT_PRODUCTS_DIR; };
		FB5F883C266786260040FECA /* WebViewinSwiftUIUITests.swift */ = {isa = PBXFileReference; lastKnownFileType = sourcecode.swift; path = WebViewinSwiftUIUITests.swift; sourceTree = "<group>"; };
		FB5F883E266786260040FECA /* Info.plist */ = {isa = PBXFileReference; lastKnownFileType = text.plist.xml; path = Info.plist; sourceTree = "<group>"; };
		FB5F884A2667867C0040FECA /* WebView.swift */ = {isa = PBXFileReference; lastKnownFileType = sourcecode.swift; path = WebView.swift; sourceTree = "<group>"; };
/* End PBXFileReference section */

/* Begin PBXFrameworksBuildPhase section */
		FB5F8819266786240040FECA /* Frameworks */ = {
			isa = PBXFrameworksBuildPhase;
			buildActionMask = 2147483647;
			files = (
			);
			runOnlyForDeploymentPostprocessing = 0;
		};
		FB5F882A266786260040FECA /* Frameworks */ = {
			isa = PBXFrameworksBuildPhase;
			buildActionMask = 2147483647;
			files = (
			);
			runOnlyForDeploymentPostprocessing = 0;
		};
		FB5F8835266786260040FECA /* Frameworks */ = {
			isa = PBXFrameworksBuildPhase;
			buildActionMask = 2147483647;
			files = (
			);
			runOnlyForDeploymentPostprocessing = 0;
		};
/* End PBXFrameworksBuildPhase section */

/* Begin PBXGroup section */
		FB5F8813266786240040FECA = {
			isa = PBXGroup;
			children = (
				FB5F881E266786240040FECA /* WebViewinSwiftUI */,
				FB5F8830266786260040FECA /* WebViewinSwiftUITests */,
				FB5F883B266786260040FECA /* WebViewinSwiftUIUITests */,
				FB5F881D266786240040FECA /* Products */,
			);
			sourceTree = "<group>";
		};
		FB5F881D266786240040FECA /* Products */ = {
			isa = PBXGroup;
			children = (
				FB5F881C266786240040FECA /* WebViewinSwiftUI.app */,
				FB5F882D266786260040FECA /* WebViewinSwiftUITests.xctest */,
				FB5F8838266786260040FECA /* WebViewinSwiftUIUITests.xctest */,
			);
			name = Products;
			sourceTree = "<group>";
		};
		FB5F881E266786240040FECA /* WebViewinSwiftUI */ = {
			isa = PBXGroup;
			children = (
				FB5F881F266786240040FECA /* WebViewinSwiftUIApp.swift */,
				FB5F8821266786240040FECA /* ContentView.swift */,
				FB5F884A2667867C0040FECA /* WebView.swift */,
				FB5F8823266786260040FECA /* Assets.xcassets */,
				FB5F8828266786260040FECA /* Info.plist */,
				FB5F8825266786260040FECA /* Preview Content */,
			);
			path = WebViewinSwiftUI;
			sourceTree = "<group>";
		};
		FB5F8825266786260040FECA /* Preview Content */ = {
			isa = PBXGroup;
			children = (
				FB5F8826266786260040FECA /* Preview Assets.xcassets */,
			);
			path = "Preview Content";
			sourceTree = "<group>";
		};
		FB5F8830266786260040FECA /* WebViewinSwiftUITests */ = {
			isa = PBXGroup;
			children = (
				FB5F8831266786260040FECA /* WebViewinSwiftUITests.swift */,
				FB5F8833266786260040FECA /* Info.plist */,
			);
			path = WebViewinSwiftUITests;
			sourceTree = "<group>";
		};
		FB5F883B266786260040FECA /* WebViewinSwiftUIUITests */ = {
			isa = PBXGroup;
			children = (
				FB5F883C266786260040FECA /* WebViewinSwiftUIUITests.swift */,
				FB5F883E266786260040FECA /* Info.plist */,
			);
			path = WebViewinSwiftUIUITests;
			sourceTree = "<group>";
		};
/* End PBXGroup section */

/* Begin PBXNativeTarget section */
		FB5F881B266786240040FECA /* WebViewinSwiftUI */ = {
			isa = PBXNativeTarget;
			buildConfigurationList = FB5F8841266786260040FECA /* Build configuration list for PBXNativeTarget "WebViewinSwiftUI" */;
			buildPhases = (
				FB5F8818266786240040FECA /* Sources */,
				FB5F8819266786240040FECA /* Frameworks */,
				FB5F881A266786240040FECA /* Resources */,
			);
			buildRules = (
			);
			dependencies = (
			);
			name = WebViewinSwiftUI;
			productName = WebViewinSwiftUI;
			productReference = FB5F881C266786240040FECA /* WebViewinSwiftUI.app */;
			productType = "com.apple.product-type.application";
		};
		FB5F882C266786260040FECA /* WebViewinSwiftUITests */ = {
			isa = PBXNativeTarget;
			buildConfigurationList = FB5F8844266786260040FECA /* Build configuration list for PBXNativeTarget "WebViewinSwiftUITests" */;
			buildPhases = (
				FB5F8829266786260040FECA /* Sources */,
				FB5F882A266786260040FECA /* Frameworks */,
				FB5F882B266786260040FECA /* Resources */,
			);
			buildRules = (
			);
			dependencies = (
				FB5F882F266786260040FECA /* PBXTargetDependency */,
			);
			name = WebViewinSwiftUITests;
			productName = WebViewinSwiftUITests;
			productReference = FB5F882D266786260040FECA /* WebViewinSwiftUITests.xctest */;
			productType = "com.apple.product-type.bundle.unit-test";
		};
		FB5F8837266786260040FECA /* WebViewinSwiftUIUITests */ = {
			isa = PBXNativeTarget;
			buildConfigurationList = FB5F8847266786260040FECA /* Build configuration list for PBXNativeTarget "WebViewinSwiftUIUITests" */;
			buildPhases = (
				FB5F8834266786260040FECA /* Sources */,
				FB5F8835266786260040FECA /* Frameworks */,
				FB5F8836266786260040FECA /* Resources */,
			);
			buildRules = (
			);
			dependencies = (
				FB5F883A266786260040FECA /* PBXTargetDependency */,
			);
			name = WebViewinSwiftUIUITests;
			productName = WebViewinSwiftUIUITests;
			productReference = FB5F8838266786260040FECA /* WebViewinSwiftUIUITests.xctest */;
			productType = "com.apple.product-type.bundle.ui-testing";
		};
/* End PBXNativeTarget section */

/* Begin PBXProject section */
		FB5F8814266786240040FECA /* Project object */ = {
			isa = PBXProject;
			attributes = {
				LastSwiftUpdateCheck = 1250;
				LastUpgradeCheck = 1250;
				TargetAttributes = {
					FB5F881B266786240040FECA = {
						CreatedOnToolsVersion = 12.5;
					};
					FB5F882C266786260040FECA = {
						CreatedOnToolsVersion = 12.5;
						TestTargetID = FB5F881B266786240040FECA;
					};
					FB5F8837266786260040FECA = {
						CreatedOnToolsVersion = 12.5;
						TestTargetID = FB5F881B266786240040FECA;
					};
				};
			};
			buildConfigurationList = FB5F8817266786240040FECA /* Build configuration list for PBXProject "WebViewinSwiftUI" */;
			compatibilityVersion = "Xcode 9.3";
			developmentRegion = en;
			hasScannedForEncodings = 0;
			knownRegions = (
				en,
				Base,
			);
			mainGroup = FB5F8813266786240040FECA;
			productRefGroup = FB5F881D266786240040FECA /* Products */;
			projectDirPath = "";
			projectRoot = "";
			targets = (
				FB5F881B266786240040FECA /* WebViewinSwiftUI */,
				FB5F882C266786260040FECA /* WebViewinSwiftUITests */,
				FB5F8837266786260040FECA /* WebViewinSwiftUIUITests */,
			);
		};
/* End PBXProject section */

/* Begin PBXResourcesBuildPhase section */
		FB5F881A266786240040FECA /* Resources */ = {
			isa = PBXResourcesBuildPhase;
			buildActionMask = 2147483647;
			files = (
				FB5F8827266786260040FECA /* Preview Assets.xcassets in Resources */,
				FB5F8824266786260040FECA /* Assets.xcassets in Resources */,
			);
			runOnlyForDeploymentPostprocessing = 0;
		};
		FB5F882B266786260040FECA /* Resources */ = {
			isa = PBXResourcesBuildPhase;
			buildActionMask = 2147483647;
			files = (
			);
			runOnlyForDeploymentPostprocessing = 0;
		};
		FB5F8836266786260040FECA /* Resources */ = {
			isa = PBXResourcesBuildPhase;
			buildActionMask = 2147483647;
			files = (
			);
			runOnlyForDeploymentPostprocessing = 0;
		};
/* End PBXResourcesBuildPhase section */

/* Begin PBXSourcesBuildPhase section */
		FB5F8818266786240040FECA /* Sources */ = {
			isa = PBXSourcesBuildPhase;
			buildActionMask = 2147483647;
			files = (
				FB5F884B2667867C0040FECA /* WebView.swift in Sources */,
				FB5F8822266786240040FECA /* ContentView.swift in Sources */,
				FB5F8820266786240040FECA /* WebViewinSwiftUIApp.swift in Sources */,
			);
			runOnlyForDeploymentPostprocessing = 0;
		};
		FB5F8829266786260040FECA /* Sources */ = {
			isa = PBXSourcesBuildPhase;
			buildActionMask = 2147483647;
			files = (
				FB5F8832266786260040FECA /* WebViewinSwiftUITests.swift in Sources */,
			);
			runOnlyForDeploymentPostprocessing = 0;
		};
		FB5F8834266786260040FECA /* Sources */ = {
			isa = PBXSourcesBuildPhase;
			buildActionMask = 2147483647;
			files = (
				FB5F883D266786260040FECA /* WebViewinSwiftUIUITests.swift in Sources */,
			);
			runOnlyForDeploymentPostprocessing = 0;
		};
/* End PBXSourcesBuildPhase section */

/* Begin PBXTargetDependency section */
		FB5F882F266786260040FECA /* PBXTargetDependency */ = {
			isa = PBXTargetDependency;
			target = FB5F881B266786240040FECA /* WebViewinSwiftUI */;
			targetProxy = FB5F882E266786260040FECA /* PBXContainerItemProxy */;
		};
		FB5F883A266786260040FECA /* PBXTargetDependency */ = {
			isa = PBXTargetDependency;
			target = FB5F881B266786240040FECA /* WebViewinSwiftUI */;
			targetProxy = FB5F8839266786260040FECA /* PBXContainerItemProxy */;
		};
/* End PBXTargetDependency section */

/* Begin XCBuildConfiguration section */
		FB5F883F266786260040FECA /* Debug */ = {
			isa = XCBuildConfiguration;
			buildSettings = {
				ALWAYS_SEARCH_USER_PATHS = NO;
				CLANG_ANALYZER_NONNULL = YES;
				CLANG_ANALYZER_NUMBER_OBJECT_CONVERSION = YES_AGGRESSIVE;
				CLANG_CXX_LANGUAGE_STANDARD = "gnu++14";
				CLANG_CXX_LIBRARY = "libc++";
				CLANG_ENABLE_MODULES = YES;
				CLANG_ENABLE_OBJC_ARC = YES;
				CLANG_ENABLE_OBJC_WEAK = YES;
				CLANG_WARN_BLOCK_CAPTURE_AUTORELEASING = YES;
				CLANG_WARN_BOOL_CONVERSION = YES;
				CLANG_WARN_COMMA = YES;
				CLANG_WARN_CONSTANT_CONVERSION = YES;
				CLANG_WARN_DEPRECATED_OBJC_IMPLEMENTATIONS = YES;
				CLANG_WARN_DIRECT_OBJC_ISA_USAGE = YES_ERROR;
				CLANG_WARN_DOCUMENTATION_COMMENTS = YES;
				CLANG_WARN_EMPTY_BODY = YES;
				CLANG_WARN_ENUM_CONVERSION = YES;
				CLANG_WARN_INFINITE_RECURSION = YES;
				CLANG_WARN_INT_CONVERSION = YES;
				CLANG_WARN_NON_LITERAL_NULL_CONVERSION = YES;
				CLANG_WARN_OBJC_IMPLICIT_RETAIN_SELF = YES;
				CLANG_WARN_OBJC_LITERAL_CONVERSION = YES;
				CLANG_WARN_OBJC_ROOT_CLASS = YES_ERROR;
				CLANG_WARN_QUOTED_INCLUDE_IN_FRAMEWORK_HEADER = YES;
				CLANG_WARN_RANGE_LOOP_ANALYSIS = YES;
				CLANG_WARN_STRICT_PROTOTYPES = YES;
				CLANG_WARN_SUSPICIOUS_MOVE = YES;
				CLANG_WARN_UNGUARDED_AVAILABILITY = YES_AGGRESSIVE;
				CLANG_WARN_UNREACHABLE_CODE = YES;
				CLANG_WARN__DUPLICATE_METHOD_MATCH = YES;
				COPY_PHASE_STRIP = NO;
				DEBUG_INFORMATION_FORMAT = dwarf;
				ENABLE_STRICT_OBJC_MSGSEND = YES;
				ENABLE_TESTABILITY = YES;
				GCC_C_LANGUAGE_STANDARD = gnu11;
				GCC_DYNAMIC_NO_PIC = NO;
				GCC_NO_COMMON_BLOCKS = YES;
				GCC_OPTIMIZATION_LEVEL = 0;
				GCC_PREPROCESSOR_DEFINITIONS = (
					"DEBUG=1",
					"$(inherited)",
				);
				GCC_WARN_64_TO_32_BIT_CONVERSION = YES;
				GCC_WARN_ABOUT_RETURN_TYPE = YES_ERROR;
				GCC_WARN_UNDECLARED_SELECTOR = YES;
				GCC_WARN_UNINITIALIZED_AUTOS = YES_AGGRESSIVE;
				GCC_WARN_UNUSED_FUNCTION = YES;
				GCC_WARN_UNUSED_VARIABLE = YES;
				IPHONEOS_DEPLOYMENT_TARGET = 14.5;
				MTL_ENABLE_DEBUG_INFO = INCLUDE_SOURCE;
				MTL_FAST_MATH = YES;
				ONLY_ACTIVE_ARCH = YES;
				SDKROOT = iphoneos;
				SWIFT_ACTIVE_COMPILATION_CONDITIONS = DEBUG;
				SWIFT_OPTIMIZATION_LEVEL = "-Onone";
			};
			name = Debug;
		};
		FB5F8840266786260040FECA /* Release */ = {
			isa = XCBuildConfiguration;
			buildSettings = {
				ALWAYS_SEARCH_USER_PATHS = NO;
				CLANG_ANALYZER_NONNULL = YES;
				CLANG_ANALYZER_NUMBER_OBJECT_CONVERSION = YES_AGGRESSIVE;
				CLANG_CXX_LANGUAGE_STANDARD = "gnu++14";
				CLANG_CXX_LIBRARY = "libc++";
				CLANG_ENABLE_MODULES = YES;
				CLANG_ENABLE_OBJC_ARC = YES;
				CLANG_ENABLE_OBJC_WEAK = YES;
				CLANG_WARN_BLOCK_CAPTURE_AUTORELEASING = YES;
				CLANG_WARN_BOOL_CONVERSION = YES;
				CLANG_WARN_COMMA = YES;
				CLANG_WARN_CONSTANT_CONVERSION = YES;
				CLANG_WARN_DEPRECATED_OBJC_IMPLEMENTATIONS = YES;
				CLANG_WARN_DIRECT_OBJC_ISA_USAGE = YES_ERROR;
				CLANG_WARN_DOCUMENTATION_COMMENTS = YES;
				CLANG_WARN_EMPTY_BODY = YES;
				CLANG_WARN_ENUM_CONVERSION = YES;
				CLANG_WARN_INFINITE_RECURSION = YES;
				CLANG_WARN_INT_CONVERSION = YES;
				CLANG_WARN_NON_LITERAL_NULL_CONVERSION = YES;
				CLANG_WARN_OBJC_IMPLICIT_RETAIN_SELF = YES;
				CLANG_WARN_OBJC_LITERAL_CONVERSION = YES;
				CLANG_WARN_OBJC_ROOT_CLASS = YES_ERROR;
				CLANG_WARN_QUOTED_INCLUDE_IN_FRAMEWORK_HEADER = YES;
				CLANG_WARN_RANGE_LOOP_ANALYSIS = YES;
				CLANG_WARN_STRICT_PROTOTYPES = YES;
				CLANG_WARN_SUSPICIOUS_MOVE = YES;
				CLANG_WARN_UNGUARDED_AVAILABILITY = YES_AGGRESSIVE;
				CLANG_WARN_UNREACHABLE_CODE = YES;
				CLANG_WARN__DUPLICATE_METHOD_MATCH = YES;
				COPY_PHASE_STRIP = NO;
				DEBUG_INFORMATION_FORMAT = "dwarf-with-dsym";
				ENABLE_NS_ASSERTIONS = NO;
				ENABLE_STRICT_OBJC_MSGSEND = YES;
				GCC_C_LANGUAGE_STANDARD = gnu11;
				GCC_NO_COMMON_BLOCKS = YES;
				GCC_WARN_64_TO_32_BIT_CONVERSION = YES;
				GCC_WARN_ABOUT_RETURN_TYPE = YES_ERROR;
				GCC_WARN_UNDECLARED_SELECTOR = YES;
				GCC_WARN_UNINITIALIZED_AUTOS = YES_AGGRESSIVE;
				GCC_WARN_UNUSED_FUNCTION = YES;
				GCC_WARN_UNUSED_VARIABLE = YES;
				IPHONEOS_DEPLOYMENT_TARGET = 14.5;
				MTL_ENABLE_DEBUG_INFO = NO;
				MTL_FAST_MATH = YES;
				SDKROOT = iphoneos;
				SWIFT_COMPILATION_MODE = wholemodule;
				SWIFT_OPTIMIZATION_LEVEL = "-O";
				VALIDATE_PRODUCT = YES;
			};
			name = Release;
		};
		FB5F8842266786260040FECA /* Debug */ = {
			isa = XCBuildConfiguration;
			buildSettings = {
				ASSETCATALOG_COMPILER_APPICON_NAME = AppIcon;
				ASSETCATALOG_COMPILER_GLOBAL_ACCENT_COLOR_NAME = AccentColor;
				CODE_SIGN_STYLE = Automatic;
				DEVELOPMENT_ASSET_PATHS = "\"WebViewinSwiftUI/Preview Content\"";
				ENABLE_PREVIEWS = YES;
				INFOPLIST_FILE = WebViewinSwiftUI/Info.plist;
				IPHONEOS_DEPLOYMENT_TARGET = 14.0;
				LD_RUNPATH_SEARCH_PATHS = (
					"$(inherited)",
					"@executable_path/Frameworks",
				);
				PRODUCT_BUNDLE_IDENTIFIER = hello.WebViewinSwiftUI;
				PRODUCT_NAME = "$(TARGET_NAME)";
				SWIFT_VERSION = 5.0;
				TARGETED_DEVICE_FAMILY = "1,2";
			};
			name = Debug;
		};
		FB5F8843266786260040FECA /* Release */ = {
			isa = XCBuildConfiguration;
			buildSettings = {
				ASSETCATALOG_COMPILER_APPICON_NAME = AppIcon;
				ASSETCATALOG_COMPILER_GLOBAL_ACCENT_COLOR_NAME = AccentColor;
				CODE_SIGN_STYLE = Automatic;
				DEVELOPMENT_ASSET_PATHS = "\"WebViewinSwiftUI/Preview Content\"";
				ENABLE_PREVIEWS = YES;
				INFOPLIST_FILE = WebViewinSwiftUI/Info.plist;
				IPHONEOS_DEPLOYMENT_TARGET = 14.0;
				LD_RUNPATH_SEARCH_PATHS = (
					"$(inherited)",
					"@executable_path/Frameworks",
				);
				PRODUCT_BUNDLE_IDENTIFIER = hello.WebViewinSwiftUI;
				PRODUCT_NAME = "$(TARGET_NAME)";
				SWIFT_VERSION = 5.0;
				TARGETED_DEVICE_FAMILY = "1,2";
			};
			name = Release;
		};
		FB5F8845266786260040FECA /* Debug */ = {
			isa = XCBuildConfiguration;
			buildSettings = {
				ALWAYS_EMBED_SWIFT_STANDARD_LIBRARIES = YES;
				BUNDLE_LOADER = "$(TEST_HOST)";
				CODE_SIGN_STYLE = Automatic;
				INFOPLIST_FILE = WebViewinSwiftUITests/Info.plist;
				IPHONEOS_DEPLOYMENT_TARGET = 14.0;
				LD_RUNPATH_SEARCH_PATHS = (
					"$(inherited)",
					"@executable_path/Frameworks",
					"@loader_path/Frameworks",
				);
				PRODUCT_BUNDLE_IDENTIFIER = hello.WebViewinSwiftUITests;
				PRODUCT_NAME = "$(TARGET_NAME)";
				SWIFT_VERSION = 5.0;
				TARGETED_DEVICE_FAMILY = "1,2";
				TEST_HOST = "$(BUILT_PRODUCTS_DIR)/WebViewinSwiftUI.app/WebViewinSwiftUI";
			};
			name = Debug;
		};
		FB5F8846266786260040FECA /* Release */ = {
			isa = XCBuildConfiguration;
			buildSettings = {
				ALWAYS_EMBED_SWIFT_STANDARD_LIBRARIES = YES;
				BUNDLE_LOADER = "$(TEST_HOST)";
				CODE_SIGN_STYLE = Automatic;
				INFOPLIST_FILE = WebViewinSwiftUITests/Info.plist;
				IPHONEOS_DEPLOYMENT_TARGET = 14.0;
				LD_RUNPATH_SEARCH_PATHS = (
					"$(inherited)",
					"@executable_path/Frameworks",
					"@loader_path/Frameworks",
				);
				PRODUCT_BUNDLE_IDENTIFIER = hello.WebViewinSwiftUITests;
				PRODUCT_NAME = "$(TARGET_NAME)";
				SWIFT_VERSION = 5.0;
				TARGETED_DEVICE_FAMILY = "1,2";
				TEST_HOST = "$(BUILT_PRODUCTS_DIR)/WebViewinSwiftUI.app/WebViewinSwiftUI";
			};
			name = Release;
		};
		FB5F8848266786260040FECA /* Debug */ = {
			isa = XCBuildConfiguration;
			buildSettings = {
				ALWAYS_EMBED_SWIFT_STANDARD_LIBRARIES = YES;
				CODE_SIGN_STYLE = Automatic;
				INFOPLIST_FILE = WebViewinSwiftUIUITests/Info.plist;
				LD_RUNPATH_SEARCH_PATHS = (
					"$(inherited)",
					"@executable_path/Frameworks",
					"@loader_path/Frameworks",
				);
				PRODUCT_BUNDLE_IDENTIFIER = hello.WebViewinSwiftUIUITests;
				PRODUCT_NAME = "$(TARGET_NAME)";
				SWIFT_VERSION = 5.0;
				TARGETED_DEVICE_FAMILY = "1,2";
				TEST_TARGET_NAME = WebViewinSwiftUI;
			};
			name = Debug;
		};
		FB5F8849266786260040FECA /* Release */ = {
			isa = XCBuildConfiguration;
			buildSettings = {
				ALWAYS_EMBED_SWIFT_STANDARD_LIBRARIES = YES;
				CODE_SIGN_STYLE = Automatic;
				INFOPLIST_FILE = WebViewinSwiftUIUITests/Info.plist;
				LD_RUNPATH_SEARCH_PATHS = (
					"$(inherited)",
					"@executable_path/Frameworks",
					"@loader_path/Frameworks",
				);
				PRODUCT_BUNDLE_IDENTIFIER = hello.WebViewinSwiftUIUITests;
				PRODUCT_NAME = "$(TARGET_NAME)";
				SWIFT_VERSION = 5.0;
				TARGETED_DEVICE_FAMILY = "1,2";
				TEST_TARGET_NAME = WebViewinSwiftUI;
			};
			name = Release;
		};
/* End XCBuildConfiguration section */

/* Begin XCConfigurationList section */
		FB5F8817266786240040FECA /* Build configuration list for PBXProject "WebViewinSwiftUI" */ = {
			isa = XCConfigurationList;
			buildConfigurations = (
				FB5F883F266786260040FECA /* Debug */,
				FB5F8840266786260040FECA /* Release */,
			);
			defaultConfigurationIsVisible = 0;
			defaultConfigurationName = Release;
		};
		FB5F8841266786260040FECA /* Build configuration list for PBXNativeTarget "WebViewinSwiftUI" */ = {
			isa = XCConfigurationList;
			buildConfigurations = (
				FB5F8842266786260040FECA /* Debug */,
				FB5F8843266786260040FECA /* Release */,
			);
			defaultConfigurationIsVisible = 0;
			defaultConfigurationName = Release;
		};
		FB5F8844266786260040FECA /* Build configuration list for PBXNativeTarget "WebViewinSwiftUITests" */ = {
			isa = XCConfigurationList;
			buildConfigurations = (
				FB5F8845266786260040FECA /* Debug */,
				FB5F8846266786260040FECA /* Release */,
			);
			defaultConfigurationIsVisible = 0;
			defaultConfigurationName = Release;
		};
		FB5F8847266786260040FECA /* Build configuration list for PBXNativeTarget "WebViewinSwiftUIUITests" */ = {
			isa = XCConfigurationList;
			buildConfigurations = (
				FB5F8848266786260040FECA /* Debug */,
				FB5F8849266786260040FECA /* Release */,
			);
			defaultConfigurationIsVisible = 0;
			defaultConfigurationName = Release;
		};
/* End XCConfigurationList section */
	};
	rootObject = FB5F8814266786240040FECA /* Project object */;
}
